
Microsoft Visual Studio Solution File, Format Version 12.00
# Visual Studio Version 17
VisualStudioVersion = 17.4.33213.308
MinimumVisualStudioVersion = 10.0.40219.1
Project("{FAE04EC0-301F-11D3-BF4B-00C04F79EFBC}") = "CheckExistenceOfPhoto", "CheckExistenceOfPhoto\CheckExistenceOfPhoto.csproj", "{C9B98E42-3218-45D7-9C49-FEECFE1315E6}"
EndProject
Global
	GlobalSection(SolutionConfigurationPlatforms) = preSolution
		Debug|Any CPU = Debug|Any CPU
		Release|Any CPU = Release|Any CPU
	EndGlobalSection
	GlobalSection(ProjectConfigurationPlatforms) = postSolution
		{C9B98E42-3218-45D7-9C49-FEECFE1315E6}.Debug|Any CPU.ActiveCfg = Debug|Any CPU
		{C9B98E42-3218-45D7-9C49-FEECFE1315E6}.Debug|Any CPU.Build.0 = Debug|Any CPU
		{C9B98E42-3218-45D7-9C49-FEECFE1315E6}.Release|Any CPU.ActiveCfg = Release|Any CPU
		{C9B98E42-3218-45D7-9C49-FEECFE1315E6}.Release|Any CPU.Build.0 = Release|Any CPU
	EndGlobalSection
	GlobalSection(SolutionProperties) = preSolution
		HideSolutionNode = FALSE
	EndGlobalSection
	GlobalSection(ExtensibilityGlobals) = postSolution
		SolutionGuid = {E0FB9F66-A41F-427A-BA09-76D269B868D1}
	EndGlobalSection
EndGlobal
